
Microsoft Visual Studio Solution File, Format Version 12.00
# Visual Studio 15
VisualStudioVersion = 15.0.27130.2026
MinimumVisualStudioVersion = 10.0.40219.1
Project("{FAE04EC0-301F-11D3-BF4B-00C04F79EFBC}") = "School.Web", "School.Web\School.Web.csproj", "{33A72599-F8A2-4F41-9B02-EAE0FF4C998B}"
EndProject
Global
	GlobalSection(SolutionConfigurationPlatforms) = preSolution
		Debug|Any CPU = Debug|Any CPU
		Release|Any CPU = Release|Any CPU
	EndGlobalSection
	GlobalSection(ProjectConfigurationPlatforms) = postSolution
		{33A72599-F8A2-4F41-9B02-EAE0FF4C998B}.Debug|Any CPU.ActiveCfg = Debug|Any CPU
		{33A72599-F8A2-4F41-9B02-EAE0FF4C998B}.Debug|Any CPU.Build.0 = Debug|Any CPU
		{33A72599-F8A2-4F41-9B02-EAE0FF4C998B}.Release|Any CPU.ActiveCfg = Release|Any CPU
		{33A72599-F8A2-4F41-9B02-EAE0FF4C998B}.Release|Any CPU.Build.0 = Release|Any CPU
	EndGlobalSection
	GlobalSection(SolutionProperties) = preSolution
		HideSolutionNode = FALSE
	EndGlobalSection
	GlobalSection(ExtensibilityGlobals) = postSolution
		SolutionGuid = {840B61EA-3FE0-4210-8A0E-9CFDED46825E}
	EndGlobalSection
EndGlobal
